
Microsoft Visual Studio Solution File, Format Version 12.00
# Visual Studio Version 16
VisualStudioVersion = 16.0.30621.155
MinimumVisualStudioVersion = 10.0.40219.1
Project("{2150E333-8FDC-42A3-9474-1A3956D46DE8}") = "1 - Unit", "1 - Unit", "{F14E0F1B-A744-4444-A577-23B36CE12188}"
EndProject
Project("{2150E333-8FDC-42A3-9474-1A3956D46DE8}") = "1.1 - Basic", "1.1 - Basic", "{84B27A7D-B196-4DE0-881E-E81471DF2E2F}"
EndProject
Project("{9A19103F-16F7-4668-BE54-9A1E7A4F7556}") = "Zballos.ProjectDemo.UnitOne", "1 - Unit\Zballos.ProjectDemo.UnitOne\Zballos.ProjectDemo.UnitOne.csproj", "{2BC8E6B9-17FF-48D2-8DE5-221663CEF39F}"
EndProject
Project("{9A19103F-16F7-4668-BE54-9A1E7A4F7556}") = "Zballos.ProjectDemo.UnitOne.Tests", "1 - Unit\Zballos.ProjectDemo.UnitOne.Tests\Zballos.ProjectDemo.UnitOne.Tests.csproj", "{9792B7F7-2DCE-4DA7-BD0F-4EE497CA75DC}"
EndProject
Project("{2150E333-8FDC-42A3-9474-1A3956D46DE8}") = "4 - BDD - Automation Tests", "4 - BDD - Automation Tests", "{5ACF08E1-0934-4CEE-A217-89A020EA2576}"
EndProject
Project("{FAE04EC0-301F-11D3-BF4B-00C04F79EFBC}") = "Zballos.ProjectDemo.BDD.Tests", "4 - BDD - Automation Tests\Zballos.ProjectDemo.BDD.Tests\Zballos.ProjectDemo.BDD.Tests.csproj", "{B6AC23AD-A697-49BC-8473-742A0DBF442B}"
EndProject
Global
	GlobalSection(SolutionConfigurationPlatforms) = preSolution
		Debug|Any CPU = Debug|Any CPU
		Release|Any CPU = Release|Any CPU
	EndGlobalSection
	GlobalSection(ProjectConfigurationPlatforms) = postSolution
		{2BC8E6B9-17FF-48D2-8DE5-221663CEF39F}.Debug|Any CPU.ActiveCfg = Debug|Any CPU
		{2BC8E6B9-17FF-48D2-8DE5-221663CEF39F}.Debug|Any CPU.Build.0 = Debug|Any CPU
		{2BC8E6B9-17FF-48D2-8DE5-221663CEF39F}.Release|Any CPU.ActiveCfg = Release|Any CPU
		{2BC8E6B9-17FF-48D2-8DE5-221663CEF39F}.Release|Any CPU.Build.0 = Release|Any CPU
		{9792B7F7-2DCE-4DA7-BD0F-4EE497CA75DC}.Debug|Any CPU.ActiveCfg = Debug|Any CPU
		{9792B7F7-2DCE-4DA7-BD0F-4EE497CA75DC}.Debug|Any CPU.Build.0 = Debug|Any CPU
		{9792B7F7-2DCE-4DA7-BD0F-4EE497CA75DC}.Release|Any CPU.ActiveCfg = Release|Any CPU
		{9792B7F7-2DCE-4DA7-BD0F-4EE497CA75DC}.Release|Any CPU.Build.0 = Release|Any CPU
		{B6AC23AD-A697-49BC-8473-742A0DBF442B}.Debug|Any CPU.ActiveCfg = Debug|Any CPU
		{B6AC23AD-A697-49BC-8473-742A0DBF442B}.Debug|Any CPU.Build.0 = Debug|Any CPU
		{B6AC23AD-A697-49BC-8473-742A0DBF442B}.Release|Any CPU.ActiveCfg = Release|Any CPU
		{B6AC23AD-A697-49BC-8473-742A0DBF442B}.Release|Any CPU.Build.0 = Release|Any CPU
	EndGlobalSection
	GlobalSection(SolutionProperties) = preSolution
		HideSolutionNode = FALSE
	EndGlobalSection
	GlobalSection(NestedProjects) = preSolution
		{84B27A7D-B196-4DE0-881E-E81471DF2E2F} = {F14E0F1B-A744-4444-A577-23B36CE12188}
		{2BC8E6B9-17FF-48D2-8DE5-221663CEF39F} = {84B27A7D-B196-4DE0-881E-E81471DF2E2F}
		{9792B7F7-2DCE-4DA7-BD0F-4EE497CA75DC} = {84B27A7D-B196-4DE0-881E-E81471DF2E2F}
		{B6AC23AD-A697-49BC-8473-742A0DBF442B} = {5ACF08E1-0934-4CEE-A217-89A020EA2576}
	EndGlobalSection
	GlobalSection(ExtensibilityGlobals) = postSolution
		SolutionGuid = {87F5A46D-441D-415C-AE40-EE48B9C068D9}
	EndGlobalSection
EndGlobal
